{
  "pins" : [
    {
      "identity" : "adaptysdk-ios",
      "kind" : "remoteSourceControl",
      "location" : "https://github.com/adaptyteam/AdaptySDK-iOS.git",
      "state" : {
        "revision" : "4d2898a109e841c1f78754ae89705b67cbda9b4d",
        "version" : "4.0.0"
      }
    }
  ],
  "version" : 2
}
